
Microsoft Visual Studio Solution File, Format Version 12.00
# Visual Studio 15
Project("{FAE04EC0-301F-11D3-BF4B-00C04F79EFBC}") = "Assembly-CSharp", "Assembly-CSharp.csproj", "{37216D0E-EADA-7876-3F2B-170B256879D0}"
EndProject
Project("{FAE04EC0-301F-11D3-BF4B-00C04F79EFBC}") = "Assembly-CSharp-Editor", "Assembly-CSharp-Editor.csproj", "{7190E117-B663-4635-6EE9-DD768AE1637C}"
EndProject
Global
	GlobalSection(SolutionConfigurationPlatforms) = preSolution
		Debug|Any CPU = Debug|Any CPU
		Release|Any CPU = Release|Any CPU
	EndGlobalSection
	GlobalSection(ProjectConfigurationPlatforms) = postSolution
		{37216D0E-EADA-7876-3F2B-170B256879D0}.Debug|Any CPU.ActiveCfg = Debug|Any CPU
		{37216D0E-EADA-7876-3F2B-170B256879D0}.Debug|Any CPU.Build.0 = Debug|Any CPU
		{37216D0E-EADA-7876-3F2B-170B256879D0}.Release|Any CPU.ActiveCfg = Release|Any CPU
		{37216D0E-EADA-7876-3F2B-170B256879D0}.Release|Any CPU.Build.0 = Release|Any CPU
		{7190E117-B663-4635-6EE9-DD768AE1637C}.Debug|Any CPU.ActiveCfg = Debug|Any CPU
		{7190E117-B663-4635-6EE9-DD768AE1637C}.Debug|Any CPU.Build.0 = Debug|Any CPU
		{7190E117-B663-4635-6EE9-DD768AE1637C}.Release|Any CPU.ActiveCfg = Release|Any CPU
		{7190E117-B663-4635-6EE9-DD768AE1637C}.Release|Any CPU.Build.0 = Release|Any CPU
	EndGlobalSection
	GlobalSection(SolutionProperties) = preSolution
		HideSolutionNode = FALSE
	EndGlobalSection
EndGlobal
